// !$*UTF8*$!
{
	archiveVersion = 1;
	classes = {
	};
	objectVersion = 51;
	objects = {

/* Begin PBXBuildFile section */
		AE0515FB2686DD12009517C0 /* AppDelegate.swift in Sources */ = {isa = PBXBuildFile; fileRef = AE0515FA2686DD12009517C0 /* AppDelegate.swift */; };
		AE0515FD2686DD12009517C0 /* SceneDelegate.swift in Sources */ = {isa = PBXBuildFile; fileRef = AE0515FC2686DD12009517C0 /* SceneDelegate.swift */; };
		AE0515FF2686DD12009517C0 /* OrderViewController.swift in Sources */ = {isa = PBXBuildFile; fileRef = AE0515FE2686DD12009517C0 /* OrderViewController.swift */; };
		AE0516022686DD12009517C0 /* Main.storyboard in Resources */ = {isa = PBXBuildFile; fileRef = AE0516002686DD12009517C0 /* Main.storyboard */; };
		AE0516042686DD14009517C0 /* Assets.xcassets in Resources */ = {isa = PBXBuildFile; fileRef = AE0516032686DD14009517C0 /* Assets.xcassets */; };
		AE0516072686DD14009517C0 /* LaunchScreen.storyboard in Resources */ = {isa = PBXBuildFile; fileRef = AE0516052686DD14009517C0 /* LaunchScreen.storyboard */; };
		AE05161326892789009517C0 /* CookViewController.swift in Sources */ = {isa = PBXBuildFile; fileRef = AE05161226892789009517C0 /* CookViewController.swift */; };
		AE05161526893E7E009517C0 /* TabBarController.swift in Sources */ = {isa = PBXBuildFile; fileRef = AE05161426893E7E009517C0 /* TabBarController.swift */; };
		AE05161D26895215009517C0 /* OrderedProductCell.swift in Sources */ = {isa = PBXBuildFile; fileRef = AE05161B26895215009517C0 /* OrderedProductCell.swift */; };
		AE05161E26895215009517C0 /* OrderedProductCell.xib in Resources */ = {isa = PBXBuildFile; fileRef = AE05161C26895215009517C0 /* OrderedProductCell.xib */; };
		AE051622268954D0009517C0 /* OrderedProduct.swift in Sources */ = {isa = PBXBuildFile; fileRef = AE051621268954D0009517C0 /* OrderedProduct.swift */; };
		AE0DFF2B268D0A0200C73ED3 /* DescriptionOfCell.swift in Sources */ = {isa = PBXBuildFile; fileRef = AE0DFF2A268D0A0200C73ED3 /* DescriptionOfCell.swift */; };
		D40085A21175F86B1B28E58C /* Pods_ArmanosDinnerClub.framework in Frameworks */ = {isa = PBXBuildFile; fileRef = 42429A6C11725C4033FB7911 /* Pods_ArmanosDinnerClub.framework */; };
/* End PBXBuildFile section */

/* Begin PBXFileReference section */
		42429A6C11725C4033FB7911 /* Pods_ArmanosDinnerClub.framework */ = {isa = PBXFileReference; explicitFileType = wrapper.framework; includeInIndex = 0; path = Pods_ArmanosDinnerClub.framework; sourceTree = BUILT_PRODUCTS_DIR; };
		575047272A25A0016AD06E10 /* Pods-ArmanosDinnerClub.release.xcconfig */ = {isa = PBXFileReference; includeInIndex = 1; lastKnownFileType = text.xcconfig; name = "Pods-ArmanosDinnerClub.release.xcconfig"; path = "Target Support Files/Pods-ArmanosDinnerClub/Pods-ArmanosDinnerClub.release.xcconfig"; sourceTree = "<group>"; };
		713D4C4FAAFD2CBA57D7B233 /* Pods-ArmanosDinnerClub.debug.xcconfig */ = {isa = PBXFileReference; includeInIndex = 1; lastKnownFileType = text.xcconfig; name = "Pods-ArmanosDinnerClub.debug.xcconfig"; path = "Target Support Files/Pods-ArmanosDinnerClub/Pods-ArmanosDinnerClub.debug.xcconfig"; sourceTree = "<group>"; };
		AE0515F72686DD12009517C0 /* ArmanosDinnerClub.app */ = {isa = PBXFileReference; explicitFileType = wrapper.application; includeInIndex = 0; path = ArmanosDinnerClub.app; sourceTree = BUILT_PRODUCTS_DIR; };
		AE0515FA2686DD12009517C0 /* AppDelegate.swift */ = {isa = PBXFileReference; lastKnownFileType = sourcecode.swift; path = AppDelegate.swift; sourceTree = "<group>"; };
		AE0515FC2686DD12009517C0 /* SceneDelegate.swift */ = {isa = PBXFileReference; lastKnownFileType = sourcecode.swift; path = SceneDelegate.swift; sourceTree = "<group>"; };
		AE0515FE2686DD12009517C0 /* OrderViewController.swift */ = {isa = PBXFileReference; lastKnownFileType = sourcecode.swift; path = OrderViewController.swift; sourceTree = "<group>"; };
		AE0516012686DD12009517C0 /* Base */ = {isa = PBXFileReference; lastKnownFileType = file.storyboard; name = Base; path = Base.lproj/Main.storyboard; sourceTree = "<group>"; };
		AE0516032686DD14009517C0 /* Assets.xcassets */ = {isa = PBXFileReference; lastKnownFileType = folder.assetcatalog; path = Assets.xcassets; sourceTree = "<group>"; };
		AE0516062686DD14009517C0 /* Base */ = {isa = PBXFileReference; lastKnownFileType = file.storyboard; name = Base; path = Base.lproj/LaunchScreen.storyboard; sourceTree = "<group>"; };
		AE0516082686DD14009517C0 /* Info.plist */ = {isa = PBXFileReference; lastKnownFileType = text.plist.xml; path = Info.plist; sourceTree = "<group>"; };
		AE05161226892789009517C0 /* CookViewController.swift */ = {isa = PBXFileReference; lastKnownFileType = sourcecode.swift; path = CookViewController.swift; sourceTree = "<group>"; };
		AE05161426893E7E009517C0 /* TabBarController.swift */ = {isa = PBXFileReference; lastKnownFileType = sourcecode.swift; path = TabBarController.swift; sourceTree = "<group>"; };
		AE05161B26895215009517C0 /* OrderedProductCell.swift */ = {isa = PBXFileReference; lastKnownFileType = sourcecode.swift; path = OrderedProductCell.swift; sourceTree = "<group>"; };
		AE05161C26895215009517C0 /* OrderedProductCell.xib */ = {isa = PBXFileReference; lastKnownFileType = file.xib; path = OrderedProductCell.xib; sourceTree = "<group>"; };
		AE051621268954D0009517C0 /* OrderedProduct.swift */ = {isa = PBXFileReference; lastKnownFileType = sourcecode.swift; path = OrderedProduct.swift; sourceTree = "<group>"; };
		AE0DFF2A268D0A0200C73ED3 /* DescriptionOfCell.swift */ = {isa = PBXFileReference; lastKnownFileType = sourcecode.swift; path = DescriptionOfCell.swift; sourceTree = "<group>"; };
/* End PBXFileReference section */

/* Begin PBXFrameworksBuildPhase section */
		AE0515F42686DD12009517C0 /* Frameworks */ = {
			isa = PBXFrameworksBuildPhase;
			buildActionMask = 2147483647;
			files = (
				D40085A21175F86B1B28E58C /* Pods_ArmanosDinnerClub.framework in Frameworks */,
			);
			runOnlyForDeploymentPostprocessing = 0;
		};
/* End PBXFrameworksBuildPhase section */

/* Begin PBXGroup section */
		1FB18A74CD3D0CC0C77E5730 /* Pods */ = {
			isa = PBXGroup;
			children = (
				713D4C4FAAFD2CBA57D7B233 /* Pods-ArmanosDinnerClub.debug.xcconfig */,
				575047272A25A0016AD06E10 /* Pods-ArmanosDinnerClub.release.xcconfig */,
			);
			path = Pods;
			sourceTree = "<group>";
		};
		AE0515EE2686DD12009517C0 = {
			isa = PBXGroup;
			children = (
				AE0515F92686DD12009517C0 /* ArmanosDinnerClub */,
				AE0515F82686DD12009517C0 /* Products */,
				1FB18A74CD3D0CC0C77E5730 /* Pods */,
				B0C65D5D911F111FC786FB92 /* Frameworks */,
			);
			sourceTree = "<group>";
		};
		AE0515F82686DD12009517C0 /* Products */ = {
			isa = PBXGroup;
			children = (
				AE0515F72686DD12009517C0 /* ArmanosDinnerClub.app */,
			);
			name = Products;
			sourceTree = "<group>";
		};
		AE0515F92686DD12009517C0 /* ArmanosDinnerClub */ = {
			isa = PBXGroup;
			children = (
				AE0515FA2686DD12009517C0 /* AppDelegate.swift */,
				AE0515FC2686DD12009517C0 /* SceneDelegate.swift */,
				AE0516202689522D009517C0 /* Model */,
				AE05160E26891E14009517C0 /* View */,
				AE0516002686DD12009517C0 /* Main.storyboard */,
				AE0516032686DD14009517C0 /* Assets.xcassets */,
				AE0516052686DD14009517C0 /* LaunchScreen.storyboard */,
				AE0516082686DD14009517C0 /* Info.plist */,
			);
			path = ArmanosDinnerClub;
			sourceTree = "<group>";
		};
		AE05160E26891E14009517C0 /* View */ = {
			isa = PBXGroup;
			children = (
				AE0515FE2686DD12009517C0 /* OrderViewController.swift */,
				AE0DFF2A268D0A0200C73ED3 /* DescriptionOfCell.swift */,
				AE05161226892789009517C0 /* CookViewController.swift */,
				AE05161426893E7E009517C0 /* TabBarController.swift */,
			);
			name = View;
			sourceTree = "<group>";
		};
		AE0516202689522D009517C0 /* Model */ = {
			isa = PBXGroup;
			children = (
				AE05161B26895215009517C0 /* OrderedProductCell.swift */,
				AE05161C26895215009517C0 /* OrderedProductCell.xib */,
				AE051621268954D0009517C0 /* OrderedProduct.swift */,
			);
			path = Model;
			sourceTree = "<group>";
		};
		B0C65D5D911F111FC786FB92 /* Frameworks */ = {
			isa = PBXGroup;
			children = (
				42429A6C11725C4033FB7911 /* Pods_ArmanosDinnerClub.framework */,
			);
			name = Frameworks;
			sourceTree = "<group>";
		};
/* End PBXGroup section */

/* Begin PBXNativeTarget section */
		AE0515F62686DD12009517C0 /* ArmanosDinnerClub */ = {
			isa = PBXNativeTarget;
			buildConfigurationList = AE05160B2686DD14009517C0 /* Build configuration list for PBXNativeTarget "ArmanosDinnerClub" */;
			buildPhases = (
				27F1EFF3E17705B8DE289816 /* [CP] Check Pods Manifest.lock */,
				AE0515F32686DD12009517C0 /* Sources */,
				AE0515F42686DD12009517C0 /* Frameworks */,
				AE0515F52686DD12009517C0 /* Resources */,
				E9A86D64E31B03526741D1F6 /* [CP] Embed Pods Frameworks */,
			);
			buildRules = (
			);
			dependencies = (
			);
			name = ArmanosDinnerClub;
			productName = ArmanosDinnerClub;
			productReference = AE0515F72686DD12009517C0 /* ArmanosDinnerClub.app */;
			productType = "com.apple.product-type.application";
		};
/* End PBXNativeTarget section */

/* Begin PBXProject section */
		AE0515EF2686DD12009517C0 /* Project object */ = {
			isa = PBXProject;
			attributes = {
				LastSwiftUpdateCheck = 1250;
				LastUpgradeCheck = 1250;
				TargetAttributes = {
					AE0515F62686DD12009517C0 = {
						CreatedOnToolsVersion = 12.5;
					};
				};
			};
			buildConfigurationList = AE0515F22686DD12009517C0 /* Build configuration list for PBXProject "ArmanosDinnerClub" */;
			compatibilityVersion = "Xcode 9.3";
			developmentRegion = en;
			hasScannedForEncodings = 0;
			knownRegions = (
				en,
				Base,
			);
			mainGroup = AE0515EE2686DD12009517C0;
			productRefGroup = AE0515F82686DD12009517C0 /* Products */;
			projectDirPath = "";
			projectRoot = "";
			targets = (
				AE0515F62686DD12009517C0 /* ArmanosDinnerClub */,
			);
		};
/* End PBXProject section */

/* Begin PBXResourcesBuildPhase section */
		AE0515F52686DD12009517C0 /* Resources */ = {
			isa = PBXResourcesBuildPhase;
			buildActionMask = 2147483647;
			files = (
				AE0516072686DD14009517C0 /* LaunchScreen.storyboard in Resources */,
				AE05161E26895215009517C0 /* OrderedProductCell.xib in Resources */,
				AE0516042686DD14009517C0 /* Assets.xcassets in Resources */,
				AE0516022686DD12009517C0 /* Main.storyboard in Resources */,
			);
			runOnlyForDeploymentPostprocessing = 0;
		};
/* End PBXResourcesBuildPhase section */

/* Begin PBXShellScriptBuildPhase section */
		27F1EFF3E17705B8DE289816 /* [CP] Check Pods Manifest.lock */ = {
			isa = PBXShellScriptBuildPhase;
			buildActionMask = 2147483647;
			files = (
			);
			inputFileListPaths = (
			);
			inputPaths = (
				"${PODS_PODFILE_DIR_PATH}/Podfile.lock",
				"${PODS_ROOT}/Manifest.lock",
			);
			name = "[CP] Check Pods Manifest.lock";
			outputFileListPaths = (
			);
			outputPaths = (
				"$(DERIVED_FILE_DIR)/Pods-ArmanosDinnerClub-checkManifestLockResult.txt",
			);
			runOnlyForDeploymentPostprocessing = 0;
			shellPath = /bin/sh;
			shellScript = "diff \"${PODS_PODFILE_DIR_PATH}/Podfile.lock\" \"${PODS_ROOT}/Manifest.lock\" > /dev/null\nif [ $? != 0 ] ; then\n    # print error to STDERR\n    echo \"error: The sandbox is not in sync with the Podfile.lock. Run 'pod install' or update your CocoaPods installation.\" >&2\n    exit 1\nfi\n# This output is used by Xcode 'outputs' to avoid re-running this script phase.\necho \"SUCCESS\" > \"${SCRIPT_OUTPUT_FILE_0}\"\n";
			showEnvVarsInLog = 0;
		};
		E9A86D64E31B03526741D1F6 /* [CP] Embed Pods Frameworks */ = {
			isa = PBXShellScriptBuildPhase;
			buildActionMask = 2147483647;
			files = (
			);
			inputFileListPaths = (
				"${PODS_ROOT}/Target Support Files/Pods-ArmanosDinnerClub/Pods-ArmanosDinnerClub-frameworks-${CONFIGURATION}-input-files.xcfilelist",
			);
			name = "[CP] Embed Pods Frameworks";
			outputFileListPaths = (
				"${PODS_ROOT}/Target Support Files/Pods-ArmanosDinnerClub/Pods-ArmanosDinnerClub-frameworks-${CONFIGURATION}-output-files.xcfilelist",
			);
			runOnlyForDeploymentPostprocessing = 0;
			shellPath = /bin/sh;
			shellScript = "\"${PODS_ROOT}/Target Support Files/Pods-ArmanosDinnerClub/Pods-ArmanosDinnerClub-frameworks.sh\"\n";
			showEnvVarsInLog = 0;
		};
/* End PBXShellScriptBuildPhase section */

/* Begin PBXSourcesBuildPhase section */
		AE0515F32686DD12009517C0 /* Sources */ = {
			isa = PBXSourcesBuildPhase;
			buildActionMask = 2147483647;
			files = (
				AE051622268954D0009517C0 /* OrderedProduct.swift in Sources */,
				AE0515FF2686DD12009517C0 /* OrderViewController.swift in Sources */,
				AE05161326892789009517C0 /* CookViewController.swift in Sources */,
				AE0DFF2B268D0A0200C73ED3 /* DescriptionOfCell.swift in Sources */,
				AE0515FB2686DD12009517C0 /* AppDelegate.swift in Sources */,
				AE05161526893E7E009517C0 /* TabBarController.swift in Sources */,
				AE0515FD2686DD12009517C0 /* SceneDelegate.swift in Sources */,
				AE05161D26895215009517C0 /* OrderedProductCell.swift in Sources */,
			);
			runOnlyForDeploymentPostprocessing = 0;
		};
/* End PBXSourcesBuildPhase section */

/* Begin PBXVariantGroup section */
		AE0516002686DD12009517C0 /* Main.storyboard */ = {
			isa = PBXVariantGroup;
			children = (
				AE0516012686DD12009517C0 /* Base */,
			);
			name = Main.storyboard;
			sourceTree = "<group>";
		};
		AE0516052686DD14009517C0 /* LaunchScreen.storyboard */ = {
			isa = PBXVariantGroup;
			children = (
				AE0516062686DD14009517C0 /* Base */,
			);
			name = LaunchScreen.storyboard;
			sourceTree = "<group>";
		};
/* End PBXVariantGroup section */

/* Begin XCBuildConfiguration section */
		AE0516092686DD14009517C0 /* Debug */ = {
			isa = XCBuildConfiguration;
			buildSettings = {
				ALWAYS_SEARCH_USER_PATHS = NO;
				CLANG_ANALYZER_NONNULL = YES;
				CLANG_ANALYZER_NUMBER_OBJECT_CONVERSION = YES_AGGRESSIVE;
				CLANG_CXX_LANGUAGE_STANDARD = "gnu++14";
				CLANG_CXX_LIBRARY = "libc++";
				CLANG_ENABLE_MODULES = YES;
				CLANG_ENABLE_OBJC_ARC = YES;
				CLANG_ENABLE_OBJC_WEAK = YES;
				CLANG_WARN_BLOCK_CAPTURE_AUTORELEASING = YES;
				CLANG_WARN_BOOL_CONVERSION = YES;
				CLANG_WARN_COMMA = YES;
				CLANG_WARN_CONSTANT_CONVERSION = YES;
				CLANG_WARN_DEPRECATED_OBJC_IMPLEMENTATIONS = YES;
				CLANG_WARN_DIRECT_OBJC_ISA_USAGE = YES_ERROR;
				CLANG_WARN_DOCUMENTATION_COMMENTS = YES;
				CLANG_WARN_EMPTY_BODY = YES;
				CLANG_WARN_ENUM_CONVERSION = YES;
				CLANG_WARN_INFINITE_RECURSION = YES;
				CLANG_WARN_INT_CONVERSION = YES;
				CLANG_WARN_NON_LITERAL_NULL_CONVERSION = YES;
				CLANG_WARN_OBJC_IMPLICIT_RETAIN_SELF = YES;
				CLANG_WARN_OBJC_LITERAL_CONVERSION = YES;
				CLANG_WARN_OBJC_ROOT_CLASS = YES_ERROR;
				CLANG_WARN_QUOTED_INCLUDE_IN_FRAMEWORK_HEADER = YES;
				CLANG_WARN_RANGE_LOOP_ANALYSIS = YES;
				CLANG_WARN_STRICT_PROTOTYPES = YES;
				CLANG_WARN_SUSPICIOUS_MOVE = YES;
				CLANG_WARN_UNGUARDED_AVAILABILITY = YES_AGGRESSIVE;
				CLANG_WARN_UNREACHABLE_CODE = YES;
				CLANG_WARN__DUPLICATE_METHOD_MATCH = YES;
				COPY_PHASE_STRIP = NO;
				DEBUG_INFORMATION_FORMAT = dwarf;
				ENABLE_STRICT_OBJC_MSGSEND = YES;
				ENABLE_TESTABILITY = YES;
				GCC_C_LANGUAGE_STANDARD = gnu11;
				GCC_DYNAMIC_NO_PIC = NO;
				GCC_NO_COMMON_BLOCKS = YES;
				GCC_OPTIMIZATION_LEVEL = 0;
				GCC_PREPROCESSOR_DEFINITIONS = (
					"DEBUG=1",
					"$(inherited)",
				);
				GCC_WARN_64_TO_32_BIT_CONVERSION = YES;
				GCC_WARN_ABOUT_RETURN_TYPE = YES_ERROR;
				GCC_WARN_UNDECLARED_SELECTOR = YES;
				GCC_WARN_UNINITIALIZED_AUTOS = YES_AGGRESSIVE;
				GCC_WARN_UNUSED_FUNCTION = YES;
				GCC_WARN_UNUSED_VARIABLE = YES;
				IPHONEOS_DEPLOYMENT_TARGET = 13.6;
				MTL_ENABLE_DEBUG_INFO = INCLUDE_SOURCE;
				MTL_FAST_MATH = YES;
				ONLY_ACTIVE_ARCH = YES;
				SDKROOT = iphoneos;
				SWIFT_ACTIVE_COMPILATION_CONDITIONS = DEBUG;
				SWIFT_OPTIMIZATION_LEVEL = "-Onone";
			};
			name = Debug;
		};
		AE05160A2686DD14009517C0 /* Release */ = {
			isa = XCBuildConfiguration;
			buildSettings = {
				ALWAYS_SEARCH_USER_PATHS = NO;
				CLANG_ANALYZER_NONNULL = YES;
				CLANG_ANALYZER_NUMBER_OBJECT_CONVERSION = YES_AGGRESSIVE;
				CLANG_CXX_LANGUAGE_STANDARD = "gnu++14";
				CLANG_CXX_LIBRARY = "libc++";
				CLANG_ENABLE_MODULES = YES;
				CLANG_ENABLE_OBJC_ARC = YES;
				CLANG_ENABLE_OBJC_WEAK = YES;
				CLANG_WARN_BLOCK_CAPTURE_AUTORELEASING = YES;
				CLANG_WARN_BOOL_CONVERSION = YES;
				CLANG_WARN_COMMA = YES;
				CLANG_WARN_CONSTANT_CONVERSION = YES;
				CLANG_WARN_DEPRECATED_OBJC_IMPLEMENTATIONS = YES;
				CLANG_WARN_DIRECT_OBJC_ISA_USAGE = YES_ERROR;
				CLANG_WARN_DOCUMENTATION_COMMENTS = YES;
				CLANG_WARN_EMPTY_BODY = YES;
				CLANG_WARN_ENUM_CONVERSION = YES;
				CLANG_WARN_INFINITE_RECURSION = YES;
				CLANG_WARN_INT_CONVERSION = YES;
				CLANG_WARN_NON_LITERAL_NULL_CONVERSION = YES;
				CLANG_WARN_OBJC_IMPLICIT_RETAIN_SELF = YES;
				CLANG_WARN_OBJC_LITERAL_CONVERSION = YES;
				CLANG_WARN_OBJC_ROOT_CLASS = YES_ERROR;
				CLANG_WARN_QUOTED_INCLUDE_IN_FRAMEWORK_HEADER = YES;
				CLANG_WARN_RANGE_LOOP_ANALYSIS = YES;
				CLANG_WARN_STRICT_PROTOTYPES = YES;
				CLANG_WARN_SUSPICIOUS_MOVE = YES;
				CLANG_WARN_UNGUARDED_AVAILABILITY = YES_AGGRESSIVE;
				CLANG_WARN_UNREACHABLE_CODE = YES;
				CLANG_WARN__DUPLICATE_METHOD_MATCH = YES;
				COPY_PHASE_STRIP = NO;
				DEBUG_INFORMATION_FORMAT = "dwarf-with-dsym";
				ENABLE_NS_ASSERTIONS = NO;
				ENABLE_STRICT_OBJC_MSGSEND = YES;
				GCC_C_LANGUAGE_STANDARD = gnu11;
				GCC_NO_COMMON_BLOCKS = YES;
				GCC_WARN_64_TO_32_BIT_CONVERSION = YES;
				GCC_WARN_ABOUT_RETURN_TYPE = YES_ERROR;
				GCC_WARN_UNDECLARED_SELECTOR = YES;
				GCC_WARN_UNINITIALIZED_AUTOS = YES_AGGRESSIVE;
				GCC_WARN_UNUSED_FUNCTION = YES;
				GCC_WARN_UNUSED_VARIABLE = YES;
				IPHONEOS_DEPLOYMENT_TARGET = 13.6;
				MTL_ENABLE_DEBUG_INFO = NO;
				MTL_FAST_MATH = YES;
				SDKROOT = iphoneos;
				SWIFT_COMPILATION_MODE = wholemodule;
				SWIFT_OPTIMIZATION_LEVEL = "-O";
				VALIDATE_PRODUCT = YES;
			};
			name = Release;
		};
		AE05160C2686DD14009517C0 /* Debug */ = {
			isa = XCBuildConfiguration;
			baseConfigurationReference = 713D4C4FAAFD2CBA57D7B233 /* Pods-ArmanosDinnerClub.debug.xcconfig */;
			buildSettings = {
				ASSETCATALOG_COMPILER_APPICON_NAME = AppIcon;
				ASSETCATALOG_COMPILER_GLOBAL_ACCENT_COLOR_NAME = AccentColor;
				CODE_SIGN_STYLE = Automatic;
				DEVELOPMENT_TEAM = C9QBDKULF9;
				INFOPLIST_FILE = ArmanosDinnerClub/Info.plist;
				IPHONEOS_DEPLOYMENT_TARGET = 14.5;
				LD_RUNPATH_SEARCH_PATHS = (
					"$(inherited)",
					"@executable_path/Frameworks",
				);
				MARKETING_VERSION = 1.0;
				PRODUCT_BUNDLE_IDENTIFIER = fi.ArmanosDinnerClub;
				PRODUCT_NAME = "$(TARGET_NAME)";
				SWIFT_VERSION = 5.0;
				TARGETED_DEVICE_FAMILY = "1,2";
			};
			name = Debug;
		};
		AE05160D2686DD14009517C0 /* Release */ = {
			isa = XCBuildConfiguration;
			baseConfigurationReference = 575047272A25A0016AD06E10 /* Pods-ArmanosDinnerClub.release.xcconfig */;
			buildSettings = {
				ASSETCATALOG_COMPILER_APPICON_NAME = AppIcon;
				ASSETCATALOG_COMPILER_GLOBAL_ACCENT_COLOR_NAME = AccentColor;
				CODE_SIGN_STYLE = Automatic;
				DEVELOPMENT_TEAM = C9QBDKULF9;
				INFOPLIST_FILE = ArmanosDinnerClub/Info.plist;
				IPHONEOS_DEPLOYMENT_TARGET = 14.5;
				LD_RUNPATH_SEARCH_PATHS = (
					"$(inherited)",
					"@executable_path/Frameworks",
				);
				MARKETING_VERSION = 1.0;
				PRODUCT_BUNDLE_IDENTIFIER = fi.ArmanosDinnerClub;
				PRODUCT_NAME = "$(TARGET_NAME)";
				SWIFT_VERSION = 5.0;
				TARGETED_DEVICE_FAMILY = "1,2";
			};
			name = Release;
		};
/* End XCBuildConfiguration section */

/* Begin XCConfigurationList section */
		AE0515F22686DD12009517C0 /* Build configuration list for PBXProject "ArmanosDinnerClub" */ = {
			isa = XCConfigurationList;
			buildConfigurations = (
				AE0516092686DD14009517C0 /* Debug */,
				AE05160A2686DD14009517C0 /* Release */,
			);
			defaultConfigurationIsVisible = 0;
			defaultConfigurationName = Release;
		};
		AE05160B2686DD14009517C0 /* Build configuration list for PBXNativeTarget "ArmanosDinnerClub" */ = {
			isa = XCConfigurationList;
			buildConfigurations = (
				AE05160C2686DD14009517C0 /* Debug */,
				AE05160D2686DD14009517C0 /* Release */,
			);
			defaultConfigurationIsVisible = 0;
			defaultConfigurationName = Release;
		};
/* End XCConfigurationList section */
	};
	rootObject = AE0515EF2686DD12009517C0 /* Project object */;
}
